
Microsoft Visual Studio Solution File, Format Version 12.00
# Visual Studio 15
VisualStudioVersion = 15.0.26430.6
MinimumVisualStudioVersion = 10.0.40219.1
Project("{FAE04EC0-301F-11D3-BF4B-00C04F79EFBC}") = "GuessNumber", "GuessNumber\GuessNumber.csproj", "{9E65CE93-B25E-440E-B41E-7BBB8D80D2BA}"
EndProject
Global
	GlobalSection(SolutionConfigurationPlatforms) = preSolution
		Debug|Any CPU = Debug|Any CPU
		Release|Any CPU = Release|Any CPU
	EndGlobalSection
	GlobalSection(ProjectConfigurationPlatforms) = postSolution
		{9E65CE93-B25E-440E-B41E-7BBB8D80D2BA}.Debug|Any CPU.ActiveCfg = Debug|Any CPU
		{9E65CE93-B25E-440E-B41E-7BBB8D80D2BA}.Debug|Any CPU.Build.0 = Debug|Any CPU
		{9E65CE93-B25E-440E-B41E-7BBB8D80D2BA}.Release|Any CPU.ActiveCfg = Release|Any CPU
		{9E65CE93-B25E-440E-B41E-7BBB8D80D2BA}.Release|Any CPU.Build.0 = Release|Any CPU
	EndGlobalSection
	GlobalSection(SolutionProperties) = preSolution
		HideSolutionNode = FALSE
	EndGlobalSection
EndGlobal
